<?xml version="1.0" encoding="utf-8"?>
<Project ToolsVersion="4.0" xmlns="http://schemas.microsoft.com/developer/msbuild/2003">
  <ItemGroup>
    <Filter Include="Source Files">
      <UniqueIdentifier>{26ce7e3c-7004-457c-a5b9-5c5e5c74679f}</UniqueIdentifier>
    </Filter>
    <Filter Include="Header Files">
      <UniqueIdentifier>{26492821-4be3-4093-9ed7-bb8454d9aea1}</UniqueIdentifier>
    </Filter>
    <Filter Include="Shaders">
      <UniqueIdentifier>{6c737a7f-2428-43da-8188-9f66704541f3}</UniqueIdentifier>
    </Filter>
    <Filter Include="Cuda">
      <UniqueIdentifier>{2c1aedd4-cfdb-41d9-9e7a-5b7e7d948e7d}</UniqueIdentifier>
    </Filter>
    <Filter Include="Setup Files">
      <UniqueIdentifier>{c6e13382-c353-4231-b0b8-53e3a8b944f4}</UniqueIdentifier>
    </Filter>
    <Filter Include="Simulations">
      <UniqueIdentifier>{003afef0-c0b8-4ee5-8a69-24c2e3581aa5}</UniqueIdentifier>
    </Filter>
  </ItemGroup>
  <ItemGroup>
    <ClCompile Include="src\LibFiles\glad.c">
      <Filter>Source Files</Filter>
    </ClCompile>
    <ClCompile Include="src\LibFiles\imgui.cpp">
      <Filter>Source Files</Filter>
    </ClCompile>
    <ClCompile Include="src\LibFiles\imgui_demo.cpp">
      <Filter>Source Files</Filter>
    </ClCompile>
    <ClCompile Include="src\LibFiles\imgui_draw.cpp">
      <Filter>Source Files</Filter>
    </ClCompile>
    <ClCompile Include="src\LibFiles\imgui_impl_glfw.cpp">
      <Filter>Source Files</Filter>
    </ClCompile>
    <ClCompile Include="src\LibFiles\imgui_impl_opengl3.cpp">
      <Filter>Source Files</Filter>
    </ClCompile>
    <ClCompile Include="src\LibFiles\imgui_tables.cpp">
      <Filter>Source Files</Filter>
    </ClCompile>
    <ClCompile Include="src\LibFiles\imgui_widgets.cpp">
      <Filter>Source Files</Filter>
    </ClCompile>
    <ClCompile Include="src\Shaders\Shader.cpp">
      <Filter>Source Files</Filter>
    </ClCompile>
  </ItemGroup>
  <ItemGroup>
    <None Include="src\Shaders\boid3D.frag">
      <Filter>Shaders</Filter>
    </None>
    <None Include="src\Shaders\boid3D.vert">
      <Filter>Shaders</Filter>
    </None>
    <None Include="src\Shaders\cube3D.frag">
      <Filter>Shaders</Filter>
    </None>
    <None Include="src\Shaders\cube3D.vert">
      <Filter>Shaders</Filter>
    </None>
    <None Include="src\SetUpFiles\SimpleTestFlock.setup">
      <Filter>Setup Files</Filter>
    </None>
    <None Include="src\SetUpFiles\BigFlock.setup">
      <Filter>Setup Files</Filter>
    </None>
    <None Include="src\Shaders\boid3DPerformance.vert">
      <Filter>Shaders</Filter>
    </None>
    <None Include="src\Shaders\boid3DPerformance.frag">
      <Filter>Shaders</Filter>
    </None>
    <None Include="src\SetUpFiles\CPUFlock.setup">
      <Filter>Setup Files</Filter>
    </None>
  </ItemGroup>
  <ItemGroup>
    <ClInclude Include="src\Simulations\Camera3D.h">
      <Filter>Header Files</Filter>
    </ClInclude>
    <ClInclude Include="src\Flocking\helper_math.h">
      <Filter>Header Files</Filter>
    </ClInclude>
    <ClInclude Include="src\Shaders\Shader.h">
      <Filter>Header Files</Filter>
    </ClInclude>
    <ClInclude Include="src\Simulations\Cube.h">
      <Filter>Header Files</Filter>
    </ClInclude>
    <ClInclude Include="src\Flocking\Flock.h">
      <Filter>Cuda</Filter>
    </ClInclude>
    <ClInclude Include="src\Flocking\Flockvec3Arr.h">
      <Filter>Cuda</Filter>
    </ClInclude>
    <ClInclude Include="src\Flocking\Flockvec3ArrFunctions.h">
      <Filter>Cuda</Filter>
    </ClInclude>
    <ClInclude Include="src\Flocking\mat3.h">
      <Filter>Cuda</Filter>
    </ClInclude>
    <ClInclude Include="src\Simulations\Quality.h">
      <Filter>Simulations</Filter>
    </ClInclude>
    <ClInclude Include="src\Simulations\Simulation.h">
      <Filter>Simulations</Filter>
    </ClInclude>
    <ClInclude Include="src\Simulations\Performance.h">
      <Filter>Simulations</Filter>
    </ClInclude>
    <ClInclude Include="src\Simulations\CPUSimulation.h">
      <Filter>Simulations</Filter>
    </ClInclude>
  </ItemGroup>
  <ItemGroup>
    <CudaCompile Include="src\Flocking\Flock.cu">
      <Filter>Cuda</Filter>
    </CudaCompile>
    <CudaCompile Include="src\Flocking\Flockvec3Arr.cu">
      <Filter>Cuda</Filter>
    </CudaCompile>
    <CudaCompile Include="src\Flocking\Flockvec3ArrFunctions.cu">
      <Filter>Cuda</Filter>
    </CudaCompile>
    <CudaCompile Include="src\main.cu">
      <Filter>Cuda</Filter>
    </CudaCompile>
  </ItemGroup>
</Project>